{
  "version": 4,
  "terraform_version": "1.13.3",
  "serial": 335,
  "lineage": "1e86169c-593d-dc9b-085e-85f307be74e1",
  "outputs": {
    "backend_instance_id": {
      "value": "i-09d668d67bbf9dd40",
      "type": "string"
    },
    "backend_public_ip": {
      "value": "13.51.204.221",
      "type": "string"
    },
    "backend_url": {
      "value": "http://13.51.204.221:8080",
      "type": "string"
    },
    "datadog_external_id": {
      "value": "datadog-external-id",
      "type": "string"
    },
    "datadog_role_arn": {
      "value": "arn:aws:iam::786359465881:role/DatadogIntegrationRole",
      "type": "string"
    },
    "frontend_instance_id": {
      "value": "i-0d2ca2e9fd14e2808",
      "type": "string"
    },
    "frontend_public_ip": {
      "value": "13.60.63.111",
      "type": "string"
    },
    "frontend_url": {
      "value": "http://13.60.63.111:3000",
      "type": "string"
    }
  },
  "resources": [
    {
      "mode": "data",
      "type": "aws_caller_identity",
      "name": "current",
      "provider": "provider[\"registry.terraform.io/hashicorp/aws\"]",
      "instances": [
        {
          "schema_version": 0,
          "attributes": {
            "account_id": "786359465881",
            "arn": "arn:aws:iam::786359465881:user/datadog-terraform-user",
            "id": "786359465881",
            "user_id": "AIDA3OFVNG6MRZFMI4N3K"
          },
          "sensitive_attributes": [],
          "identity_schema_version": 0
        }
      ]
    },
    {
      "mode": "data",
      "type": "aws_iam_policy_document",
      "name": "s3_access_policy",
      "provider": "provider[\"registry.terraform.io/hashicorp/aws\"]",
      "instances": [
        {
          "schema_version": 0,
          "attributes": {
            "id": "2770337061",
            "json": "{\n  \"Version\": \"2012-10-17\",\n  \"Statement\": [\n    {\n      \"Effect\": \"Allow\",\n      \"Action\": \"s3:GetObject\",\n      \"Resource\": \"arn:aws:s3:::ai4devs-monitoring-code-bucket-4y6uv6by/*\"\n    }\n  ]\n}",
            "minified_json": "{\"Version\":\"2012-10-17\",\"Statement\":[{\"Effect\":\"Allow\",\"Action\":\"s3:GetObject\",\"Resource\":\"arn:aws:s3:::ai4devs-monitoring-code-bucket-4y6uv6by/*\"}]}",
            "override_json": null,
            "override_policy_documents": null,
            "policy_id": null,
            "source_json": null,
            "source_policy_documents": null,
            "statement": [
              {
                "actions": [
                  "s3:GetObject"
                ],
                "condition": [],
                "effect": "Allow",
                "not_actions": [],
                "not_principals": [],
                "not_resources": [],
                "principals": [],
                "resources": [
                  "arn:aws:s3:::ai4devs-monitoring-code-bucket-4y6uv6by/*"
                ],
                "sid": ""
              }
            ],
            "version": "2012-10-17"
          },
          "sensitive_attributes": [],
          "identity_schema_version": 0
        }
      ]
    },
    {
      "mode": "data",
      "type": "aws_region",
      "name": "current",
      "provider": "provider[\"registry.terraform.io/hashicorp/aws\"]",
      "instances": [
        {
          "schema_version": 0,
          "attributes": {
            "description": "Europe (Stockholm)",
            "endpoint": "ec2.eu-north-1.amazonaws.com",
            "id": "eu-north-1",
            "name": "eu-north-1"
          },
          "sensitive_attributes": [],
          "identity_schema_version": 0
        }
      ]
    },
    {
      "mode": "managed",
      "type": "aws_iam_instance_profile",
      "name": "ec2_instance_profile",
      "provider": "provider[\"registry.terraform.io/hashicorp/aws\"]",
      "instances": [
        {
          "schema_version": 0,
          "attributes": {
            "arn": "arn:aws:iam::786359465881:instance-profile/lti-project-ec2-instance-profile",
            "create_date": "2025-09-21T19:22:39Z",
            "id": "lti-project-ec2-instance-profile",
            "name": "lti-project-ec2-instance-profile",
            "name_prefix": "",
            "path": "/",
            "role": "lti-project-ec2-role",
            "tags": {},
            "tags_all": {
              "Environment": "production",
              "ManagedBy": "terraform",
              "Owner": "devops-team",
              "Project": "lti-monitoring"
            },
            "unique_id": "AIPA3OFVNG6MYF65RXLPF"
          },
          "sensitive_attributes": [],
          "identity_schema_version": 0,
          "private": "bnVsbA==",
          "dependencies": [
            "aws_iam_role.ec2_role"
          ]
        }
      ]
    },
    {
      "mode": "managed",
      "type": "aws_iam_policy",
      "name": "s3_access_policy",
      "provider": "provider[\"registry.terraform.io/hashicorp/aws\"]",
      "instances": [
        {
          "schema_version": 0,
          "attributes": {
            "arn": "arn:aws:iam::786359465881:policy/s3-access-policy",
            "attachment_count": 1,
            "description": "",
            "id": "arn:aws:iam::786359465881:policy/s3-access-policy",
            "name": "s3-access-policy",
            "name_prefix": "",
            "path": "/",
            "policy": "{\"Statement\":[{\"Action\":\"s3:GetObject\",\"Effect\":\"Allow\",\"Resource\":\"arn:aws:s3:::ai4devs-monitoring-code-bucket-4y6uv6by/*\"}],\"Version\":\"2012-10-17\"}",
            "policy_id": "ANPA3OFVNG6MSPEGIF45W",
            "tags": {},
            "tags_all": {
              "Environment": "production",
              "ManagedBy": "terraform",
              "Owner": "devops-team",
              "Project": "lti-monitoring"
            }
          },
          "sensitive_attributes": [],
          "identity_schema_version": 0,
          "private": "bnVsbA==",
          "dependencies": [
            "aws_s3_bucket.code_bucket",
            "data.aws_iam_policy_document.s3_access_policy",
            "random_string.bucket_suffix"
          ]
        }
      ]
    },
    {
      "mode": "managed",
      "type": "aws_iam_role",
      "name": "datadog_integration_role",
      "provider": "provider[\"registry.terraform.io/hashicorp/aws\"]",
      "instances": [
        {
          "schema_version": 0,
          "attributes": {
            "arn": "arn:aws:iam::786359465881:role/DatadogIntegrationRole",
            "assume_role_policy": "{\"Statement\":[{\"Action\":\"sts:AssumeRole\",\"Condition\":{\"StringEquals\":{\"sts:ExternalId\":\"datadog-external-id\"}},\"Effect\":\"Allow\",\"Principal\":{\"AWS\":\"arn:aws:iam::464622532012:root\"}}],\"Version\":\"2012-10-17\"}",
            "create_date": "2025-09-21T19:53:45Z",
            "description": "",
            "force_detach_policies": false,
            "id": "DatadogIntegrationRole",
            "inline_policy": [
              {
                "name": "DatadogIntegrationPolicyCustom",
                "policy": "{\"Version\":\"2012-10-17\",\"Statement\":[{\"Action\":[\"apigateway:GET\",\"autoscaling:Describe*\",\"budgets:ViewBudget\",\"cloudfront:GetDistributionConfig\",\"cloudfront:ListDistributions\",\"cloudtrail:DescribeTrails\",\"cloudtrail:GetTrailStatus\",\"cloudtrail:LookupEvents\",\"cloudwatch:Describe*\",\"cloudwatch:Get*\",\"cloudwatch:List*\",\"codedeploy:List*\",\"codedeploy:BatchGet*\",\"directconnect:Describe*\",\"dynamodb:List*\",\"dynamodb:Describe*\",\"ec2:Describe*\",\"ecs:Describe*\",\"ecs:List*\",\"elasticache:Describe*\",\"elasticache:List*\",\"elasticfilesystem:DescribeFileSystems\",\"elasticfilesystem:DescribeTags\",\"elasticloadbalancing:Describe*\",\"elasticmapreduce:List*\",\"elasticmapreduce:Describe*\",\"es:ListTags\",\"es:ListDomainNames\",\"es:DescribeElasticsearchDomains\",\"health:DescribeEvents\",\"health:DescribeEventDetails\",\"health:DescribeAffectedEntities\",\"kinesis:List*\",\"kinesis:Describe*\",\"lambda:AddPermission\",\"lambda:GetPolicy\",\"lambda:List*\",\"lambda:RemovePermission\",\"logs:CreateLogGroup\",\"logs:CreateLogStream\",\"logs:DeleteLogGroup\",\"logs:DeleteLogStream\",\"logs:DescribeLogGroups\",\"logs:DescribeLogStreams\",\"logs:FilterLogEvents\",\"logs:PutLogEvents\",\"logs:TestMetricFilter\",\"organizations:DescribeOrganization\",\"rds:Describe*\",\"rds:List*\",\"redshift:DescribeClusters\",\"redshift:DescribeLoggingStatus\",\"route53:List*\",\"s3:GetBucketLogging\",\"s3:GetBucketLocation\",\"s3:GetBucketNotification\",\"s3:GetBucketTagging\",\"s3:ListAllMyBuckets\",\"s3:PutBucketNotification\",\"ses:Get*\",\"sns:List*\",\"sns:Publish\",\"sqs:ListQueues\",\"support:*\",\"tag:GetResources\",\"tag:GetTagKeys\",\"tag:GetTagValues\",\"xray:BatchGetTraces\",\"xray:GetTraceSummaries\"],\"Effect\":\"Allow\",\"Resource\":\"*\"}]}"
              }
            ],
            "managed_policy_arns": [],
            "max_session_duration": 3600,
            "name": "DatadogIntegrationRole",
            "name_prefix": "",
            "path": "/",
            "permissions_boundary": "",
            "tags": {
              "Environment": "production",
              "ManagedBy": "terraform",
              "Name": "DatadogIntegrationRole",
              "Purpose": "datadog-aws-integration"
            },
            "tags_all": {
              "Environment": "production",
              "ManagedBy": "terraform",
              "Name": "DatadogIntegrationRole",
              "Owner": "devops-team",
              "Project": "lti-monitoring",
              "Purpose": "datadog-aws-integration"
            },
            "unique_id": "AROA3OFVNG6MT4RP37OWW"
          },
          "sensitive_attributes": [],
          "identity_schema_version": 0,
          "private": "bnVsbA=="
        }
      ]
    },
    {
      "mode": "managed",
      "type": "aws_iam_role",
      "name": "ec2_role",
      "provider": "provider[\"registry.terraform.io/hashicorp/aws\"]",
      "instances": [
        {
          "schema_version": 0,
          "attributes": {
            "arn": "arn:aws:iam::786359465881:role/lti-project-ec2-role",
            "assume_role_policy": "{\"Statement\":[{\"Action\":\"sts:AssumeRole\",\"Effect\":\"Allow\",\"Principal\":{\"Service\":\"ec2.amazonaws.com\"},\"Sid\":\"\"}],\"Version\":\"2012-10-17\"}",
            "create_date": "2025-09-21T19:22:39Z",
            "description": "",
            "force_detach_policies": false,
            "id": "lti-project-ec2-role",
            "inline_policy": [],
            "managed_policy_arns": [
              "arn:aws:iam::786359465881:policy/s3-access-policy"
            ],
            "max_session_duration": 3600,
            "name": "lti-project-ec2-role",
            "name_prefix": "",
            "path": "/",
            "permissions_boundary": "",
            "tags": {},
            "tags_all": {
              "Environment": "production",
              "ManagedBy": "terraform",
              "Owner": "devops-team",
              "Project": "lti-monitoring"
            },
            "unique_id": "AROA3OFVNG6MYBWUGHD64"
          },
          "sensitive_attributes": [],
          "identity_schema_version": 0,
          "private": "bnVsbA=="
        }
      ]
    },
    {
      "mode": "managed",
      "type": "aws_iam_role_policy",
      "name": "datadog_integration_policy",
      "provider": "provider[\"registry.terraform.io/hashicorp/aws\"]",
      "instances": [
        {
          "schema_version": 0,
          "attributes": {
            "id": "DatadogIntegrationRole:DatadogIntegrationPolicyCustom",
            "name": "DatadogIntegrationPolicyCustom",
            "name_prefix": "",
            "policy": "{\"Version\":\"2012-10-17\",\"Statement\":[{\"Action\":[\"apigateway:GET\",\"autoscaling:Describe*\",\"budgets:ViewBudget\",\"cloudfront:GetDistributionConfig\",\"cloudfront:ListDistributions\",\"cloudtrail:DescribeTrails\",\"cloudtrail:GetTrailStatus\",\"cloudtrail:LookupEvents\",\"cloudwatch:Describe*\",\"cloudwatch:Get*\",\"cloudwatch:List*\",\"codedeploy:List*\",\"codedeploy:BatchGet*\",\"directconnect:Describe*\",\"dynamodb:List*\",\"dynamodb:Describe*\",\"ec2:Describe*\",\"ecs:Describe*\",\"ecs:List*\",\"elasticache:Describe*\",\"elasticache:List*\",\"elasticfilesystem:DescribeFileSystems\",\"elasticfilesystem:DescribeTags\",\"elasticloadbalancing:Describe*\",\"elasticmapreduce:List*\",\"elasticmapreduce:Describe*\",\"es:ListTags\",\"es:ListDomainNames\",\"es:DescribeElasticsearchDomains\",\"health:DescribeEvents\",\"health:DescribeEventDetails\",\"health:DescribeAffectedEntities\",\"kinesis:List*\",\"kinesis:Describe*\",\"lambda:AddPermission\",\"lambda:GetPolicy\",\"lambda:List*\",\"lambda:RemovePermission\",\"logs:CreateLogGroup\",\"logs:CreateLogStream\",\"logs:DeleteLogGroup\",\"logs:DeleteLogStream\",\"logs:DescribeLogGroups\",\"logs:DescribeLogStreams\",\"logs:FilterLogEvents\",\"logs:PutLogEvents\",\"logs:TestMetricFilter\",\"organizations:DescribeOrganization\",\"rds:Describe*\",\"rds:List*\",\"redshift:DescribeClusters\",\"redshift:DescribeLoggingStatus\",\"route53:List*\",\"s3:GetBucketLogging\",\"s3:GetBucketLocation\",\"s3:GetBucketNotification\",\"s3:GetBucketTagging\",\"s3:ListAllMyBuckets\",\"s3:PutBucketNotification\",\"ses:Get*\",\"sns:List*\",\"sns:Publish\",\"sqs:ListQueues\",\"support:*\",\"tag:GetResources\",\"tag:GetTagKeys\",\"tag:GetTagValues\",\"xray:BatchGetTraces\",\"xray:GetTraceSummaries\"],\"Effect\":\"Allow\",\"Resource\":\"*\"}]}",
            "role": "DatadogIntegrationRole"
          },
          "sensitive_attributes": [],
          "identity_schema_version": 0,
          "private": "bnVsbA==",
          "dependencies": [
            "aws_iam_role.datadog_integration_role"
          ]
        }
      ]
    },
    {
      "mode": "managed",
      "type": "aws_iam_role_policy_attachment",
      "name": "attach_s3_access_policy",
      "provider": "provider[\"registry.terraform.io/hashicorp/aws\"]",
      "instances": [
        {
          "schema_version": 0,
          "attributes": {
            "id": "lti-project-ec2-role-20250921193042978100000003",
            "policy_arn": "arn:aws:iam::786359465881:policy/s3-access-policy",
            "role": "lti-project-ec2-role"
          },
          "sensitive_attributes": [],
          "identity_schema_version": 0,
          "private": "bnVsbA==",
          "dependencies": [
            "aws_iam_policy.s3_access_policy",
            "aws_iam_role.ec2_role",
            "aws_s3_bucket.code_bucket",
            "data.aws_iam_policy_document.s3_access_policy",
            "random_string.bucket_suffix"
          ]
        }
      ]
    },
    {
      "mode": "managed",
      "type": "aws_instance",
      "name": "backend",
      "provider": "provider[\"registry.terraform.io/hashicorp/aws\"]",
      "instances": [
        {
          "schema_version": 1,
          "attributes": {
            "ami": "ami-074211ec8e88502be",
            "arn": "arn:aws:ec2:eu-north-1:786359465881:instance/i-09d668d67bbf9dd40",
            "associate_public_ip_address": true,
            "availability_zone": "eu-north-1b",
            "capacity_reservation_specification": [
              {
                "capacity_reservation_preference": "open",
                "capacity_reservation_target": []
              }
            ],
            "cpu_core_count": 1,
            "cpu_options": [
              {
                "amd_sev_snp": "",
                "core_count": 1,
                "threads_per_core": 2
              }
            ],
            "cpu_threads_per_core": 2,
            "credit_specification": [
              {
                "cpu_credits": "unlimited"
              }
            ],
            "disable_api_stop": false,
            "disable_api_termination": false,
            "ebs_block_device": [],
            "ebs_optimized": false,
            "enable_primary_ipv6": null,
            "enclave_options": [
              {
                "enabled": false
              }
            ],
            "ephemeral_block_device": [],
            "get_password_data": false,
            "hibernation": false,
            "host_id": "",
            "host_resource_group_arn": null,
            "iam_instance_profile": "lti-project-ec2-instance-profile",
            "id": "i-09d668d67bbf9dd40",
            "instance_initiated_shutdown_behavior": "stop",
            "instance_lifecycle": "",
            "instance_market_options": [],
            "instance_state": "running",
            "instance_type": "t3.micro",
            "ipv6_address_count": 0,
            "ipv6_addresses": [],
            "key_name": "",
            "launch_template": [],
            "maintenance_options": [
              {
                "auto_recovery": "default"
              }
            ],
            "metadata_options": [
              {
                "http_endpoint": "enabled",
                "http_protocol_ipv6": "disabled",
                "http_put_response_hop_limit": 1,
                "http_tokens": "optional",
                "instance_metadata_tags": "disabled"
              }
            ],
            "monitoring": false,
            "network_interface": [],
            "outpost_arn": "",
            "password_data": "",
            "placement_group": "",
            "placement_partition_number": 0,
            "primary_network_interface_id": "eni-075e6122a9cfc58bb",
            "private_dns": "ip-172-31-36-190.eu-north-1.compute.internal",
            "private_dns_name_options": [
              {
                "enable_resource_name_dns_a_record": false,
                "enable_resource_name_dns_aaaa_record": false,
                "hostname_type": "ip-name"
              }
            ],
            "private_ip": "172.31.36.190",
            "public_dns": "ec2-13-51-204-221.eu-north-1.compute.amazonaws.com",
            "public_ip": "13.51.204.221",
            "root_block_device": [
              {
                "delete_on_termination": true,
                "device_name": "/dev/xvda",
                "encrypted": false,
                "iops": 100,
                "kms_key_id": "",
                "tags": {
                  "Environment": "production",
                  "ManagedBy": "terraform",
                  "Owner": "devops-team",
                  "Project": "lti-monitoring"
                },
                "tags_all": {
                  "Environment": "production",
                  "ManagedBy": "terraform",
                  "Owner": "devops-team",
                  "Project": "lti-monitoring"
                },
                "throughput": 0,
                "volume_id": "vol-0c3a6165aeacc3aad",
                "volume_size": 8,
                "volume_type": "gp2"
              }
            ],
            "secondary_private_ips": [],
            "security_groups": [
              "lti-project-backend-sg"
            ],
            "source_dest_check": true,
            "spot_instance_request_id": "",
            "subnet_id": "subnet-0cd4a3c5f53e528cd",
            "tags": {
              "Environment": "production",
              "Name": "lti-project-backend",
              "Project": "lti-monitoring",
              "Service": "lti-backend"
            },
            "tags_all": {
              "Environment": "production",
              "ManagedBy": "terraform",
              "Name": "lti-project-backend",
              "Owner": "devops-team",
              "Project": "lti-monitoring",
              "Service": "lti-backend"
            },
            "tenancy": "default",
            "timeouts": null,
            "user_data": "1ad7707af2996ec36b3f4f475f14f52cf6dfa7c7",
            "user_data_base64": null,
            "user_data_replace_on_change": false,
            "volume_tags": null,
            "vpc_security_group_ids": [
              "sg-07d4ae67afebefc0a"
            ]
          },
          "sensitive_attributes": [
            [
              {
                "type": "get_attr",
                "value": "user_data"
              }
            ]
          ],
          "identity_schema_version": 0,
          "private": "eyJlMmJmYjczMC1lY2FhLTExZTYtOGY4OC0zNDM2M2JjN2M0YzAiOnsiY3JlYXRlIjo2MDAwMDAwMDAwMDAsImRlbGV0ZSI6MTIwMDAwMDAwMDAwMCwicmVhZCI6OTAwMDAwMDAwMDAwLCJ1cGRhdGUiOjYwMDAwMDAwMDAwMH0sInNjaGVtYV92ZXJzaW9uIjoiMSJ9",
          "dependencies": [
            "aws_iam_instance_profile.ec2_instance_profile",
            "aws_iam_role.ec2_role",
            "aws_security_group.backend_sg"
          ]
        }
      ]
    },
    {
      "mode": "managed",
      "type": "aws_instance",
      "name": "frontend",
      "provider": "provider[\"registry.terraform.io/hashicorp/aws\"]",
      "instances": [
        {
          "schema_version": 1,
          "attributes": {
            "ami": "ami-074211ec8e88502be",
            "arn": "arn:aws:ec2:eu-north-1:786359465881:instance/i-0d2ca2e9fd14e2808",
            "associate_public_ip_address": true,
            "availability_zone": "eu-north-1b",
            "capacity_reservation_specification": [
              {
                "capacity_reservation_preference": "open",
                "capacity_reservation_target": []
              }
            ],
            "cpu_core_count": 1,
            "cpu_options": [
              {
                "amd_sev_snp": "",
                "core_count": 1,
                "threads_per_core": 2
              }
            ],
            "cpu_threads_per_core": 2,
            "credit_specification": [
              {
                "cpu_credits": "unlimited"
              }
            ],
            "disable_api_stop": false,
            "disable_api_termination": false,
            "ebs_block_device": [],
            "ebs_optimized": false,
            "enable_primary_ipv6": null,
            "enclave_options": [
              {
                "enabled": false
              }
            ],
            "ephemeral_block_device": [],
            "get_password_data": false,
            "hibernation": false,
            "host_id": "",
            "host_resource_group_arn": null,
            "iam_instance_profile": "lti-project-ec2-instance-profile",
            "id": "i-0d2ca2e9fd14e2808",
            "instance_initiated_shutdown_behavior": "stop",
            "instance_lifecycle": "",
            "instance_market_options": [],
            "instance_state": "running",
            "instance_type": "t3.micro",
            "ipv6_address_count": 0,
            "ipv6_addresses": [],
            "key_name": "",
            "launch_template": [],
            "maintenance_options": [
              {
                "auto_recovery": "default"
              }
            ],
            "metadata_options": [
              {
                "http_endpoint": "enabled",
                "http_protocol_ipv6": "disabled",
                "http_put_response_hop_limit": 1,
                "http_tokens": "optional",
                "instance_metadata_tags": "disabled"
              }
            ],
            "monitoring": false,
            "network_interface": [],
            "outpost_arn": "",
            "password_data": "",
            "placement_group": "",
            "placement_partition_number": 0,
            "primary_network_interface_id": "eni-0e622e8ddb87191b7",
            "private_dns": "ip-172-31-36-120.eu-north-1.compute.internal",
            "private_dns_name_options": [
              {
                "enable_resource_name_dns_a_record": false,
                "enable_resource_name_dns_aaaa_record": false,
                "hostname_type": "ip-name"
              }
            ],
            "private_ip": "172.31.36.120",
            "public_dns": "ec2-13-60-63-111.eu-north-1.compute.amazonaws.com",
            "public_ip": "13.60.63.111",
            "root_block_device": [
              {
                "delete_on_termination": true,
                "device_name": "/dev/xvda",
                "encrypted": false,
                "iops": 100,
                "kms_key_id": "",
                "tags": {
                  "Environment": "production",
                  "ManagedBy": "terraform",
                  "Owner": "devops-team",
                  "Project": "lti-monitoring"
                },
                "tags_all": {
                  "Environment": "production",
                  "ManagedBy": "terraform",
                  "Owner": "devops-team",
                  "Project": "lti-monitoring"
                },
                "throughput": 0,
                "volume_id": "vol-07221e7cfac4492e7",
                "volume_size": 8,
                "volume_type": "gp2"
              }
            ],
            "secondary_private_ips": [],
            "security_groups": [
              "lti-project-frontend-sg"
            ],
            "source_dest_check": true,
            "spot_instance_request_id": "",
            "subnet_id": "subnet-0cd4a3c5f53e528cd",
            "tags": {
              "Environment": "production",
              "Name": "lti-project-frontend",
              "Project": "lti-monitoring",
              "Service": "lti-frontend"
            },
            "tags_all": {
              "Environment": "production",
              "ManagedBy": "terraform",
              "Name": "lti-project-frontend",
              "Owner": "devops-team",
              "Project": "lti-monitoring",
              "Service": "lti-frontend"
            },
            "tenancy": "default",
            "timeouts": null,
            "user_data": "c6eeb0e417919bc252d0f26b75f65931b6dea2b0",
            "user_data_base64": null,
            "user_data_replace_on_change": false,
            "volume_tags": null,
            "vpc_security_group_ids": [
              "sg-0fde5f9a439a6e1e3"
            ]
          },
          "sensitive_attributes": [
            [
              {
                "type": "get_attr",
                "value": "user_data"
              }
            ]
          ],
          "identity_schema_version": 0,
          "private": "eyJlMmJmYjczMC1lY2FhLTExZTYtOGY4OC0zNDM2M2JjN2M0YzAiOnsiY3JlYXRlIjo2MDAwMDAwMDAwMDAsImRlbGV0ZSI6MTIwMDAwMDAwMDAwMCwicmVhZCI6OTAwMDAwMDAwMDAwLCJ1cGRhdGUiOjYwMDAwMDAwMDAwMH0sInNjaGVtYV92ZXJzaW9uIjoiMSJ9",
          "dependencies": [
            "aws_iam_instance_profile.ec2_instance_profile",
            "aws_iam_role.ec2_role",
            "aws_security_group.frontend_sg"
          ]
        }
      ]
    },
    {
      "mode": "managed",
      "type": "aws_s3_bucket",
      "name": "code_bucket",
      "provider": "provider[\"registry.terraform.io/hashicorp/aws\"]",
      "instances": [
        {
          "schema_version": 0,
          "attributes": {
            "acceleration_status": "",
            "acl": "private",
            "arn": "arn:aws:s3:::ai4devs-monitoring-code-bucket-4y6uv6by",
            "bucket": "ai4devs-monitoring-code-bucket-4y6uv6by",
            "bucket_domain_name": "ai4devs-monitoring-code-bucket-4y6uv6by.s3.amazonaws.com",
            "bucket_prefix": "",
            "bucket_regional_domain_name": "ai4devs-monitoring-code-bucket-4y6uv6by.s3.eu-north-1.amazonaws.com",
            "cors_rule": [],
            "force_destroy": false,
            "grant": [
              {
                "id": "85c79c91f3af1a591022471589731a69f87d920a78df9f7d8ed2e55ca39affc9",
                "permissions": [
                  "FULL_CONTROL"
                ],
                "type": "CanonicalUser",
                "uri": ""
              }
            ],
            "hosted_zone_id": "Z3BAZG2TWCNX0D",
            "id": "ai4devs-monitoring-code-bucket-4y6uv6by",
            "lifecycle_rule": [],
            "logging": [],
            "object_lock_configuration": [],
            "object_lock_enabled": false,
            "policy": "",
            "region": "eu-north-1",
            "replication_configuration": [],
            "request_payer": "BucketOwner",
            "server_side_encryption_configuration": [
              {
                "rule": [
                  {
                    "apply_server_side_encryption_by_default": [
                      {
                        "kms_master_key_id": "",
                        "sse_algorithm": "AES256"
                      }
                    ],
                    "bucket_key_enabled": false
                  }
                ]
              }
            ],
            "tags": {},
            "tags_all": {
              "Environment": "production",
              "ManagedBy": "terraform",
              "Owner": "devops-team",
              "Project": "lti-monitoring"
            },
            "timeouts": null,
            "versioning": [
              {
                "enabled": false,
                "mfa_delete": false
              }
            ],
            "website": [],
            "website_domain": null,
            "website_endpoint": null
          },
          "sensitive_attributes": [],
          "identity_schema_version": 0,
          "private": "eyJlMmJmYjczMC1lY2FhLTExZTYtOGY4OC0zNDM2M2JjN2M0YzAiOnsiY3JlYXRlIjoxMjAwMDAwMDAwMDAwLCJkZWxldGUiOjM2MDAwMDAwMDAwMDAsInJlYWQiOjEyMDAwMDAwMDAwMDAsInVwZGF0ZSI6MTIwMDAwMDAwMDAwMH19",
          "dependencies": [
            "random_string.bucket_suffix"
          ]
        }
      ]
    },
    {
      "mode": "managed",
      "type": "aws_s3_bucket_object",
      "name": "backend_zip",
      "provider": "provider[\"registry.terraform.io/hashicorp/aws\"]",
      "instances": [
        {
          "schema_version": 0,
          "attributes": {
            "acl": "private",
            "arn": "arn:aws:s3:::ai4devs-monitoring-code-bucket-4y6uv6by/backend.zip",
            "bucket": "ai4devs-monitoring-code-bucket-4y6uv6by",
            "bucket_key_enabled": false,
            "cache_control": "",
            "content": null,
            "content_base64": null,
            "content_disposition": "",
            "content_encoding": "",
            "content_language": "",
            "content_type": "application/octet-stream",
            "etag": "b8a9933f9628d3627258ed80af5dc466",
            "force_destroy": false,
            "id": "backend.zip",
            "key": "backend.zip",
            "kms_key_id": null,
            "metadata": {},
            "object_lock_legal_hold_status": "",
            "object_lock_mode": "",
            "object_lock_retain_until_date": "",
            "server_side_encryption": "AES256",
            "source": "./../backend.zip",
            "source_hash": null,
            "storage_class": "STANDARD",
            "tags": {},
            "tags_all": {
              "Environment": "production",
              "ManagedBy": "terraform",
              "Owner": "devops-team",
              "Project": "lti-monitoring"
            },
            "version_id": "",
            "website_redirect": ""
          },
          "sensitive_attributes": [],
          "identity_schema_version": 0,
          "private": "bnVsbA==",
          "dependencies": [
            "aws_s3_bucket.code_bucket",
            "null_resource.generate_zip",
            "random_string.bucket_suffix"
          ]
        }
      ]
    },
    {
      "mode": "managed",
      "type": "aws_s3_bucket_object",
      "name": "frontend_zip",
      "provider": "provider[\"registry.terraform.io/hashicorp/aws\"]",
      "instances": [
        {
          "schema_version": 0,
          "attributes": {
            "acl": "private",
            "arn": "arn:aws:s3:::ai4devs-monitoring-code-bucket-4y6uv6by/frontend.zip",
            "bucket": "ai4devs-monitoring-code-bucket-4y6uv6by",
            "bucket_key_enabled": false,
            "cache_control": "",
            "content": null,
            "content_base64": null,
            "content_disposition": "",
            "content_encoding": "",
            "content_language": "",
            "content_type": "application/octet-stream",
            "etag": "f8f49f3c6f9c44d5e39c630a5b45e070",
            "force_destroy": false,
            "id": "frontend.zip",
            "key": "frontend.zip",
            "kms_key_id": null,
            "metadata": {},
            "object_lock_legal_hold_status": "",
            "object_lock_mode": "",
            "object_lock_retain_until_date": "",
            "server_side_encryption": "AES256",
            "source": "./../frontend.zip",
            "source_hash": null,
            "storage_class": "STANDARD",
            "tags": {},
            "tags_all": {
              "Environment": "production",
              "ManagedBy": "terraform",
              "Owner": "devops-team",
              "Project": "lti-monitoring"
            },
            "version_id": "",
            "website_redirect": ""
          },
          "sensitive_attributes": [],
          "identity_schema_version": 0,
          "private": "bnVsbA==",
          "dependencies": [
            "aws_s3_bucket.code_bucket",
            "null_resource.generate_zip",
            "random_string.bucket_suffix"
          ]
        }
      ]
    },
    {
      "mode": "managed",
      "type": "aws_security_group",
      "name": "backend_sg",
      "provider": "provider[\"registry.terraform.io/hashicorp/aws\"]",
      "instances": [
        {
          "schema_version": 1,
          "attributes": {
            "arn": "arn:aws:ec2:eu-north-1:786359465881:security-group/sg-07d4ae67afebefc0a",
            "description": "Allow HTTP and SSH access",
            "egress": [
              {
                "cidr_blocks": [
                  "0.0.0.0/0"
                ],
                "description": "",
                "from_port": 0,
                "ipv6_cidr_blocks": [],
                "prefix_list_ids": [],
                "protocol": "-1",
                "security_groups": [],
                "self": false,
                "to_port": 0
              }
            ],
            "id": "sg-07d4ae67afebefc0a",
            "ingress": [
              {
                "cidr_blocks": [
                  "0.0.0.0/0"
                ],
                "description": "",
                "from_port": 22,
                "ipv6_cidr_blocks": [],
                "prefix_list_ids": [],
                "protocol": "tcp",
                "security_groups": [],
                "self": false,
                "to_port": 22
              },
              {
                "cidr_blocks": [
                  "0.0.0.0/0"
                ],
                "description": "",
                "from_port": 8080,
                "ipv6_cidr_blocks": [],
                "prefix_list_ids": [],
                "protocol": "tcp",
                "security_groups": [],
                "self": false,
                "to_port": 8080
              }
            ],
            "name": "lti-project-backend-sg",
            "name_prefix": "",
            "owner_id": "786359465881",
            "revoke_rules_on_delete": false,
            "tags": {},
            "tags_all": {
              "Environment": "production",
              "ManagedBy": "terraform",
              "Owner": "devops-team",
              "Project": "lti-monitoring"
            },
            "timeouts": null,
            "vpc_id": "vpc-0e926542b4dfe6fd6"
          },
          "sensitive_attributes": [],
          "identity_schema_version": 0,
          "private": "eyJlMmJmYjczMC1lY2FhLTExZTYtOGY4OC0zNDM2M2JjN2M0YzAiOnsiY3JlYXRlIjo2MDAwMDAwMDAwMDAsImRlbGV0ZSI6OTAwMDAwMDAwMDAwfSwic2NoZW1hX3ZlcnNpb24iOiIxIn0="
        }
      ]
    },
    {
      "mode": "managed",
      "type": "aws_security_group",
      "name": "frontend_sg",
      "provider": "provider[\"registry.terraform.io/hashicorp/aws\"]",
      "instances": [
        {
          "schema_version": 1,
          "attributes": {
            "arn": "arn:aws:ec2:eu-north-1:786359465881:security-group/sg-0fde5f9a439a6e1e3",
            "description": "Allow HTTP and SSH access",
            "egress": [
              {
                "cidr_blocks": [
                  "0.0.0.0/0"
                ],
                "description": "",
                "from_port": 0,
                "ipv6_cidr_blocks": [],
                "prefix_list_ids": [],
                "protocol": "-1",
                "security_groups": [],
                "self": false,
                "to_port": 0
              }
            ],
            "id": "sg-0fde5f9a439a6e1e3",
            "ingress": [
              {
                "cidr_blocks": [
                  "0.0.0.0/0"
                ],
                "description": "",
                "from_port": 22,
                "ipv6_cidr_blocks": [],
                "prefix_list_ids": [],
                "protocol": "tcp",
                "security_groups": [],
                "self": false,
                "to_port": 22
              },
              {
                "cidr_blocks": [
                  "0.0.0.0/0"
                ],
                "description": "",
                "from_port": 3000,
                "ipv6_cidr_blocks": [],
                "prefix_list_ids": [],
                "protocol": "tcp",
                "security_groups": [],
                "self": false,
                "to_port": 3000
              }
            ],
            "name": "lti-project-frontend-sg",
            "name_prefix": "",
            "owner_id": "786359465881",
            "revoke_rules_on_delete": false,
            "tags": {},
            "tags_all": {
              "Environment": "production",
              "ManagedBy": "terraform",
              "Owner": "devops-team",
              "Project": "lti-monitoring"
            },
            "timeouts": null,
            "vpc_id": "vpc-0e926542b4dfe6fd6"
          },
          "sensitive_attributes": [],
          "identity_schema_version": 0,
          "private": "eyJlMmJmYjczMC1lY2FhLTExZTYtOGY4OC0zNDM2M2JjN2M0YzAiOnsiY3JlYXRlIjo2MDAwMDAwMDAwMDAsImRlbGV0ZSI6OTAwMDAwMDAwMDAwfSwic2NoZW1hX3ZlcnNpb24iOiIxIn0="
        }
      ]
    },
    {
      "mode": "managed",
      "type": "datadog_integration_aws",
      "name": "main",
      "provider": "provider[\"registry.terraform.io/datadog/datadog\"]",
      "instances": [
        {
          "schema_version": 0,
          "attributes": {
            "access_key_id": "",
            "account_id": "786359465881",
            "account_specific_namespace_rules": {
              "auto_scaling": true,
              "billing": true,
              "cloudfront": true,
              "cloudwatch_logs": true,
              "dynamodb": true,
              "ec2": true,
              "ec2api": true,
              "ecs": true,
              "elb": true,
              "lambda": true,
              "opsworks": false,
              "rds": true,
              "route53": true,
              "s3": true,
              "ses": true,
              "sns": true,
              "sqs": true,
              "workspaces": false
            },
            "cspm_resource_collection_enabled": "false",
            "excluded_regions": [
              "ap-northeast-1",
              "ap-northeast-2",
              "ap-south-1"
            ],
            "extended_resource_collection_enabled": "true",
            "external_id": "33b45b639ff34fc5938ae0dc74008f51",
            "filter_tags": [
              "env:production",
              "project:lti-monitoring"
            ],
            "host_tags": [
              "env:production",
              "project:lti-monitoring",
              "region:eu-north-1"
            ],
            "id": "786359465881:DatadogIntegrationRole",
            "metrics_collection_enabled": "true",
            "resource_collection_enabled": "false",
            "role_name": "DatadogIntegrationRole",
            "secret_access_key": null
          },
          "sensitive_attributes": [
            [
              {
                "type": "get_attr",
                "value": "secret_access_key"
              }
            ]
          ],
          "identity_schema_version": 0,
          "private": "bnVsbA==",
          "dependencies": [
            "aws_iam_role.datadog_integration_role",
            "aws_iam_role_policy.datadog_integration_policy",
            "data.aws_caller_identity.current",
            "data.aws_region.current"
          ]
        }
      ]
    },
    {
      "mode": "managed",
      "type": "datadog_integration_aws_lambda_arn",
      "name": "cloudwatch_logs_forwarder",
      "provider": "provider[\"registry.terraform.io/datadog/datadog\"]",
      "instances": []
    },
    {
      "mode": "managed",
      "type": "datadog_monitor",
      "name": "app_health",
      "provider": "provider[\"registry.terraform.io/datadog/datadog\"]",
      "instances": [
        {
          "schema_version": 0,
          "attributes": {
            "enable_logs_sample": null,
            "enable_samples": null,
            "escalation_message": "",
            "evaluation_delay": 0,
            "force_delete": null,
            "group_retention_duration": "",
            "groupby_simple_monitor": null,
            "id": "89582093",
            "include_tags": true,
            "locked": false,
            "message": "🔥 Application health check failed on {{host.name}} for service {{check}}. @slack-alerts @pagerduty",
            "monitor_threshold_windows": [],
            "monitor_thresholds": [
              {
                "critical": "1",
                "critical_recovery": "",
                "ok": "",
                "unknown": "",
                "warning": "1",
                "warning_recovery": ""
              }
            ],
            "name": "LTI Application Health Check",
            "new_group_delay": 0,
            "new_host_delay": 300,
            "no_data_timeframe": 10,
            "notification_preset_name": "",
            "notify_audit": false,
            "notify_by": [],
            "notify_no_data": true,
            "on_missing_data": "",
            "priority": "",
            "query": "\"http.can_connect\".over(\"env:production\").by(\"host\",\"instance\").last(2).count_by_status()",
            "renotify_interval": 0,
            "renotify_occurrences": 0,
            "renotify_statuses": null,
            "require_full_window": true,
            "restricted_roles": null,
            "scheduling_options": [],
            "tags": [
              "alert:health",
              "env:production",
              "project:lti-monitoring",
              "severity:critical"
            ],
            "timeout_h": 24,
            "type": "service check",
            "validate": null,
            "variables": []
          },
          "sensitive_attributes": [],
          "identity_schema_version": 0,
          "private": "bnVsbA=="
        }
      ]
    },
    {
      "mode": "managed",
      "type": "datadog_monitor",
      "name": "disk_space",
      "provider": "provider[\"registry.terraform.io/datadog/datadog\"]",
      "instances": [
        {
          "schema_version": 0,
          "attributes": {
            "enable_logs_sample": null,
            "enable_samples": null,
            "escalation_message": "",
            "evaluation_delay": 0,
            "force_delete": null,
            "group_retention_duration": "",
            "groupby_simple_monitor": null,
            "id": "89582092",
            "include_tags": true,
            "locked": false,
            "message": "💾 Disk space is running low on {{host.name}}. Available: {{value}}% @slack-alerts",
            "monitor_threshold_windows": [],
            "monitor_thresholds": [
              {
                "critical": "20",
                "critical_recovery": "25",
                "ok": "",
                "unknown": "",
                "warning": "30",
                "warning_recovery": "35"
              }
            ],
            "name": "LTI Disk Space Alert",
            "new_group_delay": 0,
            "new_host_delay": 300,
            "no_data_timeframe": 20,
            "notification_preset_name": "",
            "notify_audit": false,
            "notify_by": [],
            "notify_no_data": true,
            "on_missing_data": "",
            "priority": "",
            "query": "avg(last_5m):avg:system.disk.free{env:production} by {host,device} / avg:system.disk.total{env:production} by {host,device} * 100 \u003c 20",
            "renotify_interval": 0,
            "renotify_occurrences": 0,
            "renotify_statuses": null,
            "require_full_window": true,
            "restricted_roles": null,
            "scheduling_options": [],
            "tags": [
              "alert:disk",
              "env:production",
              "project:lti-monitoring",
              "severity:critical"
            ],
            "timeout_h": 24,
            "type": "query alert",
            "validate": null,
            "variables": []
          },
          "sensitive_attributes": [],
          "identity_schema_version": 0,
          "private": "bnVsbA=="
        }
      ]
    },
    {
      "mode": "managed",
      "type": "datadog_monitor",
      "name": "high_cpu",
      "provider": "provider[\"registry.terraform.io/datadog/datadog\"]",
      "instances": [
        {
          "schema_version": 0,
          "attributes": {
            "enable_logs_sample": null,
            "enable_samples": null,
            "escalation_message": "",
            "evaluation_delay": 0,
            "force_delete": null,
            "group_retention_duration": "",
            "groupby_simple_monitor": null,
            "id": "89582091",
            "include_tags": true,
            "locked": false,
            "message": "🚨 CPU usage is above 80% on {{host.name}}. Please investigate. @slack-alerts",
            "monitor_threshold_windows": [],
            "monitor_thresholds": [
              {
                "critical": "80",
                "critical_recovery": "75",
                "ok": "",
                "unknown": "",
                "warning": "70",
                "warning_recovery": "65"
              }
            ],
            "name": "LTI High CPU Usage Alert",
            "new_group_delay": 0,
            "new_host_delay": 300,
            "no_data_timeframe": 20,
            "notification_preset_name": "",
            "notify_audit": false,
            "notify_by": [],
            "notify_no_data": true,
            "on_missing_data": "",
            "priority": "",
            "query": "avg(last_5m):avg:aws.ec2.cpuutilization{env:production} by {host} \u003e 80",
            "renotify_interval": 0,
            "renotify_occurrences": 0,
            "renotify_statuses": null,
            "require_full_window": true,
            "restricted_roles": null,
            "scheduling_options": [],
            "tags": [
              "alert:cpu",
              "env:production",
              "project:lti-monitoring",
              "severity:high"
            ],
            "timeout_h": 24,
            "type": "query alert",
            "validate": null,
            "variables": []
          },
          "sensitive_attributes": [],
          "identity_schema_version": 0,
          "private": "bnVsbA=="
        }
      ]
    },
    {
      "mode": "managed",
      "type": "datadog_monitor",
      "name": "high_memory",
      "provider": "provider[\"registry.terraform.io/datadog/datadog\"]",
      "instances": [
        {
          "schema_version": 0,
          "attributes": {
            "enable_logs_sample": null,
            "enable_samples": null,
            "escalation_message": "",
            "evaluation_delay": 0,
            "force_delete": null,
            "group_retention_duration": "",
            "groupby_simple_monitor": null,
            "id": "89582090",
            "include_tags": true,
            "locked": false,
            "message": "⚠️ Memory usage is above 85% on {{host.name}}. Available memory: {{value}}% @slack-alerts",
            "monitor_threshold_windows": [],
            "monitor_thresholds": [
              {
                "critical": "15",
                "critical_recovery": "20",
                "ok": "",
                "unknown": "",
                "warning": "20",
                "warning_recovery": "25"
              }
            ],
            "name": "LTI High Memory Usage Alert",
            "new_group_delay": 0,
            "new_host_delay": 300,
            "no_data_timeframe": 20,
            "notification_preset_name": "",
            "notify_audit": false,
            "notify_by": [],
            "notify_no_data": true,
            "on_missing_data": "",
            "priority": "",
            "query": "avg(last_5m):avg:system.mem.pct_usable{env:production} by {host} \u003c 15",
            "renotify_interval": 0,
            "renotify_occurrences": 0,
            "renotify_statuses": null,
            "require_full_window": true,
            "restricted_roles": null,
            "scheduling_options": [],
            "tags": [
              "alert:memory",
              "env:production",
              "project:lti-monitoring",
              "severity:high"
            ],
            "timeout_h": 24,
            "type": "query alert",
            "validate": null,
            "variables": []
          },
          "sensitive_attributes": [],
          "identity_schema_version": 0,
          "private": "bnVsbA=="
        }
      ]
    },
    {
      "mode": "managed",
      "type": "datadog_service_level_objective",
      "name": "app_uptime",
      "provider": "provider[\"registry.terraform.io/datadog/datadog\"]",
      "instances": [
        {
          "schema_version": 0,
          "attributes": {
            "description": "99.9% uptime target for LTI application",
            "force_delete": null,
            "groups": [],
            "id": "6cb8c93bbe75506cbb8ac016d43a2c84",
            "monitor_ids": [
              89582093
            ],
            "name": "LTI Application Uptime SLO",
            "query": [],
            "sli_specification": [],
            "tags": [
              "env:production",
              "project:lti-monitoring",
              "slo:uptime"
            ],
            "target_threshold": 99.9,
            "thresholds": [
              {
                "target": 99.9,
                "target_display": "99.9",
                "timeframe": "7d",
                "warning": 99.95,
                "warning_display": "99.95"
              },
              {
                "target": 99.9,
                "target_display": "99.9",
                "timeframe": "30d",
                "warning": 99.95,
                "warning_display": "99.95"
              }
            ],
            "timeframe": "7d",
            "type": "monitor",
            "validate": null,
            "warning_threshold": 99.95
          },
          "sensitive_attributes": [],
          "identity_schema_version": 0,
          "private": "bnVsbA==",
          "dependencies": [
            "datadog_monitor.app_health"
          ]
        }
      ]
    },
    {
      "mode": "managed",
      "type": "null_resource",
      "name": "generate_zip",
      "provider": "provider[\"registry.terraform.io/hashicorp/null\"]",
      "instances": [
        {
          "schema_version": 0,
          "attributes": {
            "id": "6893871640409640611",
            "triggers": {
              "always_run": "2025-09-21T20:01:58Z"
            }
          },
          "sensitive_attributes": [],
          "identity_schema_version": 0
        }
      ]
    },
    {
      "mode": "managed",
      "type": "random_string",
      "name": "bucket_suffix",
      "provider": "provider[\"registry.terraform.io/hashicorp/random\"]",
      "instances": [
        {
          "schema_version": 2,
          "attributes": {
            "id": "4y6uv6by",
            "keepers": null,
            "length": 8,
            "lower": true,
            "min_lower": 0,
            "min_numeric": 0,
            "min_special": 0,
            "min_upper": 0,
            "number": true,
            "numeric": true,
            "override_special": null,
            "result": "4y6uv6by",
            "special": false,
            "upper": false
          },
          "sensitive_attributes": [],
          "identity_schema_version": 0
        }
      ]
    }
  ],
  "check_results": null
}
